// !$*UTF8*$!
{
	archiveVersion = 1;
	classes = {
	};
	objectVersion = 50;
	objects = {

/* Begin PBXBuildFile section */
		6A271DBC264F7E8800D76755 /* pokemonApp.swift in Sources */ = {isa = PBXBuildFile; fileRef = 6A271DBB264F7E8800D76755 /* pokemonApp.swift */; };
		6A271DBE264F7E8800D76755 /* ContentView.swift in Sources */ = {isa = PBXBuildFile; fileRef = 6A271DBD264F7E8800D76755 /* ContentView.swift */; };
		6A271DC0264F7E9400D76755 /* Assets.xcassets in Resources */ = {isa = PBXBuildFile; fileRef = 6A271DBF264F7E9400D76755 /* Assets.xcassets */; };
		6A271DC3264F7E9400D76755 /* Preview Assets.xcassets in Resources */ = {isa = PBXBuildFile; fileRef = 6A271DC2264F7E9400D76755 /* Preview Assets.xcassets */; };
		6A271DCE264F7E9400D76755 /* pokemonTests.swift in Sources */ = {isa = PBXBuildFile; fileRef = 6A271DCD264F7E9400D76755 /* pokemonTests.swift */; };
		6A271DD9264F7E9400D76755 /* pokemonUITests.swift in Sources */ = {isa = PBXBuildFile; fileRef = 6A271DD8264F7E9400D76755 /* pokemonUITests.swift */; };
		6A271DEA264F842400D76755 /* PokemonCell.swift in Sources */ = {isa = PBXBuildFile; fileRef = 6A271DE9264F842400D76755 /* PokemonCell.swift */; };
		6A271DEC264F9A0700D76755 /* PokedexView.swift in Sources */ = {isa = PBXBuildFile; fileRef = 6A271DEB264F9A0700D76755 /* PokedexView.swift */; };
		6A99F4932650DF9300BDD4A3 /* Pokemon.swift in Sources */ = {isa = PBXBuildFile; fileRef = 6A99F4922650DF9300BDD4A3 /* Pokemon.swift */; };
		6A99F4952650EDDC00BDD4A3 /* PokemonViewModel.swift in Sources */ = {isa = PBXBuildFile; fileRef = 6A99F4942650EDDC00BDD4A3 /* PokemonViewModel.swift */; };
/* End PBXBuildFile section */

/* Begin PBXContainerItemProxy section */
		6A271DCA264F7E9400D76755 /* PBXContainerItemProxy */ = {
			isa = PBXContainerItemProxy;
			containerPortal = 6A271DB0264F7E8800D76755 /* Project object */;
			proxyType = 1;
			remoteGlobalIDString = 6A271DB7264F7E8800D76755;
			remoteInfo = pokemon;
		};
		6A271DD5264F7E9400D76755 /* PBXContainerItemProxy */ = {
			isa = PBXContainerItemProxy;
			containerPortal = 6A271DB0264F7E8800D76755 /* Project object */;
			proxyType = 1;
			remoteGlobalIDString = 6A271DB7264F7E8800D76755;
			remoteInfo = pokemon;
		};
/* End PBXContainerItemProxy section */

/* Begin PBXFileReference section */
		6A271DB8264F7E8800D76755 /* pokemon.app */ = {isa = PBXFileReference; explicitFileType = wrapper.application; includeInIndex = 0; path = pokemon.app; sourceTree = BUILT_PRODUCTS_DIR; };
		6A271DBB264F7E8800D76755 /* pokemonApp.swift */ = {isa = PBXFileReference; lastKnownFileType = sourcecode.swift; path = pokemonApp.swift; sourceTree = "<group>"; };
		6A271DBD264F7E8800D76755 /* ContentView.swift */ = {isa = PBXFileReference; lastKnownFileType = sourcecode.swift; path = ContentView.swift; sourceTree = "<group>"; };
		6A271DBF264F7E9400D76755 /* Assets.xcassets */ = {isa = PBXFileReference; lastKnownFileType = folder.assetcatalog; path = Assets.xcassets; sourceTree = "<group>"; };
		6A271DC2264F7E9400D76755 /* Preview Assets.xcassets */ = {isa = PBXFileReference; lastKnownFileType = folder.assetcatalog; path = "Preview Assets.xcassets"; sourceTree = "<group>"; };
		6A271DC4264F7E9400D76755 /* Info.plist */ = {isa = PBXFileReference; lastKnownFileType = text.plist.xml; path = Info.plist; sourceTree = "<group>"; };
		6A271DC9264F7E9400D76755 /* pokemonTests.xctest */ = {isa = PBXFileReference; explicitFileType = wrapper.cfbundle; includeInIndex = 0; path = pokemonTests.xctest; sourceTree = BUILT_PRODUCTS_DIR; };
		6A271DCD264F7E9400D76755 /* pokemonTests.swift */ = {isa = PBXFileReference; lastKnownFileType = sourcecode.swift; path = pokemonTests.swift; sourceTree = "<group>"; };
		6A271DCF264F7E9400D76755 /* Info.plist */ = {isa = PBXFileReference; lastKnownFileType = text.plist.xml; path = Info.plist; sourceTree = "<group>"; };
		6A271DD4264F7E9400D76755 /* pokemonUITests.xctest */ = {isa = PBXFileReference; explicitFileType = wrapper.cfbundle; includeInIndex = 0; path = pokemonUITests.xctest; sourceTree = BUILT_PRODUCTS_DIR; };
		6A271DD8264F7E9400D76755 /* pokemonUITests.swift */ = {isa = PBXFileReference; lastKnownFileType = sourcecode.swift; path = pokemonUITests.swift; sourceTree = "<group>"; };
		6A271DDA264F7E9400D76755 /* Info.plist */ = {isa = PBXFileReference; lastKnownFileType = text.plist.xml; path = Info.plist; sourceTree = "<group>"; };
		6A271DE9264F842400D76755 /* PokemonCell.swift */ = {isa = PBXFileReference; lastKnownFileType = sourcecode.swift; path = PokemonCell.swift; sourceTree = "<group>"; };
		6A271DEB264F9A0700D76755 /* PokedexView.swift */ = {isa = PBXFileReference; lastKnownFileType = sourcecode.swift; path = PokedexView.swift; sourceTree = "<group>"; };
		6A99F4922650DF9300BDD4A3 /* Pokemon.swift */ = {isa = PBXFileReference; lastKnownFileType = sourcecode.swift; name = Pokemon.swift; path = pokemon/View/Pokemon.swift; sourceTree = SOURCE_ROOT; };
		6A99F4942650EDDC00BDD4A3 /* PokemonViewModel.swift */ = {isa = PBXFileReference; lastKnownFileType = sourcecode.swift; name = PokemonViewModel.swift; path = pokemon/View/PokemonViewModel.swift; sourceTree = SOURCE_ROOT; };
/* End PBXFileReference section */

/* Begin PBXFrameworksBuildPhase section */
		6A271DB5264F7E8800D76755 /* Frameworks */ = {
			isa = PBXFrameworksBuildPhase;
			buildActionMask = 2147483647;
			files = (
			);
			runOnlyForDeploymentPostprocessing = 0;
		};
		6A271DC6264F7E9400D76755 /* Frameworks */ = {
			isa = PBXFrameworksBuildPhase;
			buildActionMask = 2147483647;
			files = (
			);
			runOnlyForDeploymentPostprocessing = 0;
		};
		6A271DD1264F7E9400D76755 /* Frameworks */ = {
			isa = PBXFrameworksBuildPhase;
			buildActionMask = 2147483647;
			files = (
			);
			runOnlyForDeploymentPostprocessing = 0;
		};
/* End PBXFrameworksBuildPhase section */

/* Begin PBXGroup section */
		6A271DAF264F7E8800D76755 = {
			isa = PBXGroup;
			children = (
				6A271DBA264F7E8800D76755 /* pokemon */,
				6A271DCC264F7E9400D76755 /* pokemonTests */,
				6A271DD7264F7E9400D76755 /* pokemonUITests */,
				6A271DB9264F7E8800D76755 /* Products */,
			);
			sourceTree = "<group>";
		};
		6A271DB9264F7E8800D76755 /* Products */ = {
			isa = PBXGroup;
			children = (
				6A271DB8264F7E8800D76755 /* pokemon.app */,
				6A271DC9264F7E9400D76755 /* pokemonTests.xctest */,
				6A271DD4264F7E9400D76755 /* pokemonUITests.xctest */,
			);
			name = Products;
			sourceTree = "<group>";
		};
		6A271DBA264F7E8800D76755 /* pokemon */ = {
			isa = PBXGroup;
			children = (
				6A271DE8264F7F6000D76755 /* Model */,
				6A271DE6264F7F3500D76755 /* View */,
				6A271DE7264F7F5D00D76755 /* ViewModel */,
				6A271DBB264F7E8800D76755 /* pokemonApp.swift */,
				6A271DBD264F7E8800D76755 /* ContentView.swift */,
				6A271DBF264F7E9400D76755 /* Assets.xcassets */,
				6A271DC4264F7E9400D76755 /* Info.plist */,
				6A271DC1264F7E9400D76755 /* Preview Content */,
			);
			path = pokemon;
			sourceTree = "<group>";
		};
		6A271DC1264F7E9400D76755 /* Preview Content */ = {
			isa = PBXGroup;
			children = (
				6A271DC2264F7E9400D76755 /* Preview Assets.xcassets */,
			);
			path = "Preview Content";
			sourceTree = "<group>";
		};
		6A271DCC264F7E9400D76755 /* pokemonTests */ = {
			isa = PBXGroup;
			children = (
				6A271DCD264F7E9400D76755 /* pokemonTests.swift */,
				6A271DCF264F7E9400D76755 /* Info.plist */,
			);
			path = pokemonTests;
			sourceTree = "<group>";
		};
		6A271DD7264F7E9400D76755 /* pokemonUITests */ = {
			isa = PBXGroup;
			children = (
				6A271DD8264F7E9400D76755 /* pokemonUITests.swift */,
				6A271DDA264F7E9400D76755 /* Info.plist */,
			);
			path = pokemonUITests;
			sourceTree = "<group>";
		};
		6A271DE6264F7F3500D76755 /* View */ = {
			isa = PBXGroup;
			children = (
				6A271DE9264F842400D76755 /* PokemonCell.swift */,
				6A271DEB264F9A0700D76755 /* PokedexView.swift */,
			);
			path = View;
			sourceTree = "<group>";
		};
		6A271DE7264F7F5D00D76755 /* ViewModel */ = {
			isa = PBXGroup;
			children = (
				6A99F4942650EDDC00BDD4A3 /* PokemonViewModel.swift */,
			);
			path = ViewModel;
			sourceTree = "<group>";
		};
		6A271DE8264F7F6000D76755 /* Model */ = {
			isa = PBXGroup;
			children = (
				6A99F4922650DF9300BDD4A3 /* Pokemon.swift */,
			);
			path = Model;
			sourceTree = "<group>";
		};
/* End PBXGroup section */

/* Begin PBXNativeTarget section */
		6A271DB7264F7E8800D76755 /* pokemon */ = {
			isa = PBXNativeTarget;
			buildConfigurationList = 6A271DDD264F7E9400D76755 /* Build configuration list for PBXNativeTarget "pokemon" */;
			buildPhases = (
				6A271DB4264F7E8800D76755 /* Sources */,
				6A271DB5264F7E8800D76755 /* Frameworks */,
				6A271DB6264F7E8800D76755 /* Resources */,
			);
			buildRules = (
			);
			dependencies = (
			);
			name = pokemon;
			packageProductDependencies = (
			);
			productName = pokemon;
			productReference = 6A271DB8264F7E8800D76755 /* pokemon.app */;
			productType = "com.apple.product-type.application";
		};
		6A271DC8264F7E9400D76755 /* pokemonTests */ = {
			isa = PBXNativeTarget;
			buildConfigurationList = 6A271DE0264F7E9400D76755 /* Build configuration list for PBXNativeTarget "pokemonTests" */;
			buildPhases = (
				6A271DC5264F7E9400D76755 /* Sources */,
				6A271DC6264F7E9400D76755 /* Frameworks */,
				6A271DC7264F7E9400D76755 /* Resources */,
			);
			buildRules = (
			);
			dependencies = (
				6A271DCB264F7E9400D76755 /* PBXTargetDependency */,
			);
			name = pokemonTests;
			productName = pokemonTests;
			productReference = 6A271DC9264F7E9400D76755 /* pokemonTests.xctest */;
			productType = "com.apple.product-type.bundle.unit-test";
		};
		6A271DD3264F7E9400D76755 /* pokemonUITests */ = {
			isa = PBXNativeTarget;
			buildConfigurationList = 6A271DE3264F7E9400D76755 /* Build configuration list for PBXNativeTarget "pokemonUITests" */;
			buildPhases = (
				6A271DD0264F7E9400D76755 /* Sources */,
				6A271DD1264F7E9400D76755 /* Frameworks */,
				6A271DD2264F7E9400D76755 /* Resources */,
			);
			buildRules = (
			);
			dependencies = (
				6A271DD6264F7E9400D76755 /* PBXTargetDependency */,
			);
			name = pokemonUITests;
			productName = pokemonUITests;
			productReference = 6A271DD4264F7E9400D76755 /* pokemonUITests.xctest */;
			productType = "com.apple.product-type.bundle.ui-testing";
		};
/* End PBXNativeTarget section */

/* Begin PBXProject section */
		6A271DB0264F7E8800D76755 /* Project object */ = {
			isa = PBXProject;
			attributes = {
				LastSwiftUpdateCheck = 1250;
				LastUpgradeCheck = 1250;
				TargetAttributes = {
					6A271DB7264F7E8800D76755 = {
						CreatedOnToolsVersion = 12.5;
					};
					6A271DC8264F7E9400D76755 = {
						CreatedOnToolsVersion = 12.5;
						TestTargetID = 6A271DB7264F7E8800D76755;
					};
					6A271DD3264F7E9400D76755 = {
						CreatedOnToolsVersion = 12.5;
						TestTargetID = 6A271DB7264F7E8800D76755;
					};
				};
			};
			buildConfigurationList = 6A271DB3264F7E8800D76755 /* Build configuration list for PBXProject "pokemon" */;
			compatibilityVersion = "Xcode 9.3";
			developmentRegion = en;
			hasScannedForEncodings = 0;
			knownRegions = (
				en,
				Base,
			);
			mainGroup = 6A271DAF264F7E8800D76755;
			packageReferences = (
			);
			productRefGroup = 6A271DB9264F7E8800D76755 /* Products */;
			projectDirPath = "";
			projectRoot = "";
			targets = (
				6A271DB7264F7E8800D76755 /* pokemon */,
				6A271DC8264F7E9400D76755 /* pokemonTests */,
				6A271DD3264F7E9400D76755 /* pokemonUITests */,
			);
		};
/* End PBXProject section */

/* Begin PBXResourcesBuildPhase section */
		6A271DB6264F7E8800D76755 /* Resources */ = {
			isa = PBXResourcesBuildPhase;
			buildActionMask = 2147483647;
			files = (
				6A271DC3264F7E9400D76755 /* Preview Assets.xcassets in Resources */,
				6A271DC0264F7E9400D76755 /* Assets.xcassets in Resources */,
			);
			runOnlyForDeploymentPostprocessing = 0;
		};
		6A271DC7264F7E9400D76755 /* Resources */ = {
			isa = PBXResourcesBuildPhase;
			buildActionMask = 2147483647;
			files = (
			);
			runOnlyForDeploymentPostprocessing = 0;
		};
		6A271DD2264F7E9400D76755 /* Resources */ = {
			isa = PBXResourcesBuildPhase;
			buildActionMask = 2147483647;
			files = (
			);
			runOnlyForDeploymentPostprocessing = 0;
		};
/* End PBXResourcesBuildPhase section */

/* Begin PBXSourcesBuildPhase section */
		6A271DB4264F7E8800D76755 /* Sources */ = {
			isa = PBXSourcesBuildPhase;
			buildActionMask = 2147483647;
			files = (
				6A271DEA264F842400D76755 /* PokemonCell.swift in Sources */,
				6A99F4932650DF9300BDD4A3 /* Pokemon.swift in Sources */,
				6A99F4952650EDDC00BDD4A3 /* PokemonViewModel.swift in Sources */,
				6A271DBE264F7E8800D76755 /* ContentView.swift in Sources */,
				6A271DBC264F7E8800D76755 /* pokemonApp.swift in Sources */,
				6A271DEC264F9A0700D76755 /* PokedexView.swift in Sources */,
			);
			runOnlyForDeploymentPostprocessing = 0;
		};
		6A271DC5264F7E9400D76755 /* Sources */ = {
			isa = PBXSourcesBuildPhase;
			buildActionMask = 2147483647;
			files = (
				6A271DCE264F7E9400D76755 /* pokemonTests.swift in Sources */,
			);
			runOnlyForDeploymentPostprocessing = 0;
		};
		6A271DD0264F7E9400D76755 /* Sources */ = {
			isa = PBXSourcesBuildPhase;
			buildActionMask = 2147483647;
			files = (
				6A271DD9264F7E9400D76755 /* pokemonUITests.swift in Sources */,
			);
			runOnlyForDeploymentPostprocessing = 0;
		};
/* End PBXSourcesBuildPhase section */

/* Begin PBXTargetDependency section */
		6A271DCB264F7E9400D76755 /* PBXTargetDependency */ = {
			isa = PBXTargetDependency;
			target = 6A271DB7264F7E8800D76755 /* pokemon */;
			targetProxy = 6A271DCA264F7E9400D76755 /* PBXContainerItemProxy */;
		};
		6A271DD6264F7E9400D76755 /* PBXTargetDependency */ = {
			isa = PBXTargetDependency;
			target = 6A271DB7264F7E8800D76755 /* pokemon */;
			targetProxy = 6A271DD5264F7E9400D76755 /* PBXContainerItemProxy */;
		};
/* End PBXTargetDependency section */

/* Begin XCBuildConfiguration section */
		6A271DDB264F7E9400D76755 /* Debug */ = {
			isa = XCBuildConfiguration;
			buildSettings = {
				ALWAYS_SEARCH_USER_PATHS = NO;
				CLANG_ANALYZER_NONNULL = YES;
				CLANG_ANALYZER_NUMBER_OBJECT_CONVERSION = YES_AGGRESSIVE;
				CLANG_CXX_LANGUAGE_STANDARD = "gnu++14";
				CLANG_CXX_LIBRARY = "libc++";
				CLANG_ENABLE_MODULES = YES;
				CLANG_ENABLE_OBJC_ARC = YES;
				CLANG_ENABLE_OBJC_WEAK = YES;
				CLANG_WARN_BLOCK_CAPTURE_AUTORELEASING = YES;
				CLANG_WARN_BOOL_CONVERSION = YES;
				CLANG_WARN_COMMA = YES;
				CLANG_WARN_CONSTANT_CONVERSION = YES;
				CLANG_WARN_DEPRECATED_OBJC_IMPLEMENTATIONS = YES;
				CLANG_WARN_DIRECT_OBJC_ISA_USAGE = YES_ERROR;
				CLANG_WARN_DOCUMENTATION_COMMENTS = YES;
				CLANG_WARN_EMPTY_BODY = YES;
				CLANG_WARN_ENUM_CONVERSION = YES;
				CLANG_WARN_INFINITE_RECURSION = YES;
				CLANG_WARN_INT_CONVERSION = YES;
				CLANG_WARN_NON_LITERAL_NULL_CONVERSION = YES;
				CLANG_WARN_OBJC_IMPLICIT_RETAIN_SELF = YES;
				CLANG_WARN_OBJC_LITERAL_CONVERSION = YES;
				CLANG_WARN_OBJC_ROOT_CLASS = YES_ERROR;
				CLANG_WARN_QUOTED_INCLUDE_IN_FRAMEWORK_HEADER = YES;
				CLANG_WARN_RANGE_LOOP_ANALYSIS = YES;
				CLANG_WARN_STRICT_PROTOTYPES = YES;
				CLANG_WARN_SUSPICIOUS_MOVE = YES;
				CLANG_WARN_UNGUARDED_AVAILABILITY = YES_AGGRESSIVE;
				CLANG_WARN_UNREACHABLE_CODE = YES;
				CLANG_WARN__DUPLICATE_METHOD_MATCH = YES;
				COPY_PHASE_STRIP = NO;
				DEBUG_INFORMATION_FORMAT = dwarf;
				ENABLE_STRICT_OBJC_MSGSEND = YES;
				ENABLE_TESTABILITY = YES;
				GCC_C_LANGUAGE_STANDARD = gnu11;
				GCC_DYNAMIC_NO_PIC = NO;
				GCC_NO_COMMON_BLOCKS = YES;
				GCC_OPTIMIZATION_LEVEL = 0;
				GCC_PREPROCESSOR_DEFINITIONS = (
					"DEBUG=1",
					"$(inherited)",
				);
				GCC_WARN_64_TO_32_BIT_CONVERSION = YES;
				GCC_WARN_ABOUT_RETURN_TYPE = YES_ERROR;
				GCC_WARN_UNDECLARED_SELECTOR = YES;
				GCC_WARN_UNINITIALIZED_AUTOS = YES_AGGRESSIVE;
				GCC_WARN_UNUSED_FUNCTION = YES;
				GCC_WARN_UNUSED_VARIABLE = YES;
				IPHONEOS_DEPLOYMENT_TARGET = 14.5;
				MTL_ENABLE_DEBUG_INFO = INCLUDE_SOURCE;
				MTL_FAST_MATH = YES;
				ONLY_ACTIVE_ARCH = YES;
				SDKROOT = iphoneos;
				SWIFT_ACTIVE_COMPILATION_CONDITIONS = DEBUG;
				SWIFT_OPTIMIZATION_LEVEL = "-Onone";
			};
			name = Debug;
		};
		6A271DDC264F7E9400D76755 /* Release */ = {
			isa = XCBuildConfiguration;
			buildSettings = {
				ALWAYS_SEARCH_USER_PATHS = NO;
				CLANG_ANALYZER_NONNULL = YES;
				CLANG_ANALYZER_NUMBER_OBJECT_CONVERSION = YES_AGGRESSIVE;
				CLANG_CXX_LANGUAGE_STANDARD = "gnu++14";
				CLANG_CXX_LIBRARY = "libc++";
				CLANG_ENABLE_MODULES = YES;
				CLANG_ENABLE_OBJC_ARC = YES;
				CLANG_ENABLE_OBJC_WEAK = YES;
				CLANG_WARN_BLOCK_CAPTURE_AUTORELEASING = YES;
				CLANG_WARN_BOOL_CONVERSION = YES;
				CLANG_WARN_COMMA = YES;
				CLANG_WARN_CONSTANT_CONVERSION = YES;
				CLANG_WARN_DEPRECATED_OBJC_IMPLEMENTATIONS = YES;
				CLANG_WARN_DIRECT_OBJC_ISA_USAGE = YES_ERROR;
				CLANG_WARN_DOCUMENTATION_COMMENTS = YES;
				CLANG_WARN_EMPTY_BODY = YES;
				CLANG_WARN_ENUM_CONVERSION = YES;
				CLANG_WARN_INFINITE_RECURSION = YES;
				CLANG_WARN_INT_CONVERSION = YES;
				CLANG_WARN_NON_LITERAL_NULL_CONVERSION = YES;
				CLANG_WARN_OBJC_IMPLICIT_RETAIN_SELF = YES;
				CLANG_WARN_OBJC_LITERAL_CONVERSION = YES;
				CLANG_WARN_OBJC_ROOT_CLASS = YES_ERROR;
				CLANG_WARN_QUOTED_INCLUDE_IN_FRAMEWORK_HEADER = YES;
				CLANG_WARN_RANGE_LOOP_ANALYSIS = YES;
				CLANG_WARN_STRICT_PROTOTYPES = YES;
				CLANG_WARN_SUSPICIOUS_MOVE = YES;
				CLANG_WARN_UNGUARDED_AVAILABILITY = YES_AGGRESSIVE;
				CLANG_WARN_UNREACHABLE_CODE = YES;
				CLANG_WARN__DUPLICATE_METHOD_MATCH = YES;
				COPY_PHASE_STRIP = NO;
				DEBUG_INFORMATION_FORMAT = "dwarf-with-dsym";
				ENABLE_NS_ASSERTIONS = NO;
				ENABLE_STRICT_OBJC_MSGSEND = YES;
				GCC_C_LANGUAGE_STANDARD = gnu11;
				GCC_NO_COMMON_BLOCKS = YES;
				GCC_WARN_64_TO_32_BIT_CONVERSION = YES;
				GCC_WARN_ABOUT_RETURN_TYPE = YES_ERROR;
				GCC_WARN_UNDECLARED_SELECTOR = YES;
				GCC_WARN_UNINITIALIZED_AUTOS = YES_AGGRESSIVE;
				GCC_WARN_UNUSED_FUNCTION = YES;
				GCC_WARN_UNUSED_VARIABLE = YES;
				IPHONEOS_DEPLOYMENT_TARGET = 14.5;
				MTL_ENABLE_DEBUG_INFO = NO;
				MTL_FAST_MATH = YES;
				SDKROOT = iphoneos;
				SWIFT_COMPILATION_MODE = wholemodule;
				SWIFT_OPTIMIZATION_LEVEL = "-O";
				VALIDATE_PRODUCT = YES;
			};
			name = Release;
		};
		6A271DDE264F7E9400D76755 /* Debug */ = {
			isa = XCBuildConfiguration;
			buildSettings = {
				ASSETCATALOG_COMPILER_APPICON_NAME = AppIcon;
				ASSETCATALOG_COMPILER_GLOBAL_ACCENT_COLOR_NAME = AccentColor;
				CODE_SIGN_STYLE = Automatic;
				DEVELOPMENT_ASSET_PATHS = "\"pokemon/Preview Content\"";
				DEVELOPMENT_TEAM = 8SARQFUQQA;
				ENABLE_PREVIEWS = YES;
				INFOPLIST_FILE = pokemon/Info.plist;
				IPHONEOS_DEPLOYMENT_TARGET = 14.0;
				LD_RUNPATH_SEARCH_PATHS = (
					"$(inherited)",
					"@executable_path/Frameworks",
				);
				PRODUCT_BUNDLE_IDENTIFIER = taisei.pokemon;
				PRODUCT_NAME = "$(TARGET_NAME)";
				SWIFT_VERSION = 5.0;
				TARGETED_DEVICE_FAMILY = "1,2";
			};
			name = Debug;
		};
		6A271DDF264F7E9400D76755 /* Release */ = {
			isa = XCBuildConfiguration;
			buildSettings = {
				ASSETCATALOG_COMPILER_APPICON_NAME = AppIcon;
				ASSETCATALOG_COMPILER_GLOBAL_ACCENT_COLOR_NAME = AccentColor;
				CODE_SIGN_STYLE = Automatic;
				DEVELOPMENT_ASSET_PATHS = "\"pokemon/Preview Content\"";
				DEVELOPMENT_TEAM = 8SARQFUQQA;
				ENABLE_PREVIEWS = YES;
				INFOPLIST_FILE = pokemon/Info.plist;
				IPHONEOS_DEPLOYMENT_TARGET = 14.0;
				LD_RUNPATH_SEARCH_PATHS = (
					"$(inherited)",
					"@executable_path/Frameworks",
				);
				PRODUCT_BUNDLE_IDENTIFIER = taisei.pokemon;
				PRODUCT_NAME = "$(TARGET_NAME)";
				SWIFT_VERSION = 5.0;
				TARGETED_DEVICE_FAMILY = "1,2";
			};
			name = Release;
		};
		6A271DE1264F7E9400D76755 /* Debug */ = {
			isa = XCBuildConfiguration;
			buildSettings = {
				ALWAYS_EMBED_SWIFT_STANDARD_LIBRARIES = YES;
				BUNDLE_LOADER = "$(TEST_HOST)";
				CODE_SIGN_STYLE = Automatic;
				DEVELOPMENT_TEAM = 8SARQFUQQA;
				INFOPLIST_FILE = pokemonTests/Info.plist;
				IPHONEOS_DEPLOYMENT_TARGET = 14.0;
				LD_RUNPATH_SEARCH_PATHS = (
					"$(inherited)",
					"@executable_path/Frameworks",
					"@loader_path/Frameworks",
				);
				PRODUCT_BUNDLE_IDENTIFIER = taisei.pokemonTests;
				PRODUCT_NAME = "$(TARGET_NAME)";
				SWIFT_VERSION = 5.0;
				TARGETED_DEVICE_FAMILY = "1,2";
				TEST_HOST = "$(BUILT_PRODUCTS_DIR)/pokemon.app/pokemon";
			};
			name = Debug;
		};
		6A271DE2264F7E9400D76755 /* Release */ = {
			isa = XCBuildConfiguration;
			buildSettings = {
				ALWAYS_EMBED_SWIFT_STANDARD_LIBRARIES = YES;
				BUNDLE_LOADER = "$(TEST_HOST)";
				CODE_SIGN_STYLE = Automatic;
				DEVELOPMENT_TEAM = 8SARQFUQQA;
				INFOPLIST_FILE = pokemonTests/Info.plist;
				IPHONEOS_DEPLOYMENT_TARGET = 14.0;
				LD_RUNPATH_SEARCH_PATHS = (
					"$(inherited)",
					"@executable_path/Frameworks",
					"@loader_path/Frameworks",
				);
				PRODUCT_BUNDLE_IDENTIFIER = taisei.pokemonTests;
				PRODUCT_NAME = "$(TARGET_NAME)";
				SWIFT_VERSION = 5.0;
				TARGETED_DEVICE_FAMILY = "1,2";
				TEST_HOST = "$(BUILT_PRODUCTS_DIR)/pokemon.app/pokemon";
			};
			name = Release;
		};
		6A271DE4264F7E9400D76755 /* Debug */ = {
			isa = XCBuildConfiguration;
			buildSettings = {
				ALWAYS_EMBED_SWIFT_STANDARD_LIBRARIES = YES;
				CODE_SIGN_STYLE = Automatic;
				DEVELOPMENT_TEAM = 8SARQFUQQA;
				INFOPLIST_FILE = pokemonUITests/Info.plist;
				LD_RUNPATH_SEARCH_PATHS = (
					"$(inherited)",
					"@executable_path/Frameworks",
					"@loader_path/Frameworks",
				);
				PRODUCT_BUNDLE_IDENTIFIER = taisei.pokemonUITests;
				PRODUCT_NAME = "$(TARGET_NAME)";
				SWIFT_VERSION = 5.0;
				TARGETED_DEVICE_FAMILY = "1,2";
				TEST_TARGET_NAME = pokemon;
			};
			name = Debug;
		};
		6A271DE5264F7E9400D76755 /* Release */ = {
			isa = XCBuildConfiguration;
			buildSettings = {
				ALWAYS_EMBED_SWIFT_STANDARD_LIBRARIES = YES;
				CODE_SIGN_STYLE = Automatic;
				DEVELOPMENT_TEAM = 8SARQFUQQA;
				INFOPLIST_FILE = pokemonUITests/Info.plist;
				LD_RUNPATH_SEARCH_PATHS = (
					"$(inherited)",
					"@executable_path/Frameworks",
					"@loader_path/Frameworks",
				);
				PRODUCT_BUNDLE_IDENTIFIER = taisei.pokemonUITests;
				PRODUCT_NAME = "$(TARGET_NAME)";
				SWIFT_VERSION = 5.0;
				TARGETED_DEVICE_FAMILY = "1,2";
				TEST_TARGET_NAME = pokemon;
			};
			name = Release;
		};
/* End XCBuildConfiguration section */

/* Begin XCConfigurationList section */
		6A271DB3264F7E8800D76755 /* Build configuration list for PBXProject "pokemon" */ = {
			isa = XCConfigurationList;
			buildConfigurations = (
				6A271DDB264F7E9400D76755 /* Debug */,
				6A271DDC264F7E9400D76755 /* Release */,
			);
			defaultConfigurationIsVisible = 0;
			defaultConfigurationName = Release;
		};
		6A271DDD264F7E9400D76755 /* Build configuration list for PBXNativeTarget "pokemon" */ = {
			isa = XCConfigurationList;
			buildConfigurations = (
				6A271DDE264F7E9400D76755 /* Debug */,
				6A271DDF264F7E9400D76755 /* Release */,
			);
			defaultConfigurationIsVisible = 0;
			defaultConfigurationName = Release;
		};
		6A271DE0264F7E9400D76755 /* Build configuration list for PBXNativeTarget "pokemonTests" */ = {
			isa = XCConfigurationList;
			buildConfigurations = (
				6A271DE1264F7E9400D76755 /* Debug */,
				6A271DE2264F7E9400D76755 /* Release */,
			);
			defaultConfigurationIsVisible = 0;
			defaultConfigurationName = Release;
		};
		6A271DE3264F7E9400D76755 /* Build configuration list for PBXNativeTarget "pokemonUITests" */ = {
			isa = XCConfigurationList;
			buildConfigurations = (
				6A271DE4264F7E9400D76755 /* Debug */,
				6A271DE5264F7E9400D76755 /* Release */,
			);
			defaultConfigurationIsVisible = 0;
			defaultConfigurationName = Release;
		};
/* End XCConfigurationList section */
	};
	rootObject = 6A271DB0264F7E8800D76755 /* Project object */;
}
